# THIS IS AN AUTOGENERATED FILE. DO NOT EDIT THIS FILE DIRECTLY.
# yarn lockfile v1


chrome-types@^0.1.264:
  version "0.1.264"
  resolved "https://registry.yarnpkg.com/chrome-types/-/chrome-types-0.1.264.tgz#81dbf0d1976434e200352db247b4d69ab9f3d70d"
  integrity sha512-JvWWvO90jwgIqCjQMWi4ex9bGzXriZQjkjP1cfGpbYJbWQzbE314sslcAG7UmokU3rQa08n6vUYMeEBQGmkxJg==
